{
  "pins" : [
    {
      "identity" : "swift-http-types",
      "kind" : "remoteSourceControl",
      "location" : "https://github.com/apple/swift-http-types.git",
      "state" : {
        "revision" : "1ddbea1ee34354a6a2532c60f98501c35ae8edfa",
        "version" : "1.2.0"
      }
    },
    {
      "identity" : "urlconfig",
      "kind" : "remoteSourceControl",
      "location" : "https://github.com/swiftnative/URLConfig.git",
      "state" : {
        "revision" : "f1ed4ddaab89f667ee468a16af2b87a1da7d280e",
        "version" : "1.1.0"
      }
    }
  ],
  "version" : 2
}
